{
  "name": "babylon-gpu-issue",
  "version": "1.0.0",
  "lockfileVersion": 2,
  "requires": true,
  "packages": {
    "": {
      "name": "babylon-gpu-issue",
      "version": "1.0.0",
      "license": "ISC",
      "dependencies": {
        "@babylonjs/core": "^5.0.0-alpha.50",
        "@babylonjs/materials": "^5.0.0-alpha.50",
        "voxel-crunch": "^0.2.1"
      }
    },
    "node_modules/@babylonjs/core": {
      "version": "5.0.0-alpha.50",
      "resolved": "https://registry.npmjs.org/@babylonjs/core/-/core-5.0.0-alpha.50.tgz",
      "integrity": "sha512-Fhz0ODXVMYT/imklkDi6MfDBM0i7B3oNAfGN+4Zx6OIh3/ZrqpQde0xxekBUymJRmY4nZ5jOdCh1Y5Tjmp8k+w==",
      "dependencies": {
        "tslib": "^2.3.1"
      },
      "engines": {
        "node": "*"
      }
    },
    "node_modules/@babylonjs/materials": {
      "version": "5.0.0-alpha.50",
      "resolved": "https://registry.npmjs.org/@babylonjs/materials/-/materials-5.0.0-alpha.50.tgz",
      "integrity": "sha512-ktQq7fENtGVFQbO2B3cDnUf6jvMReJtKmzXZ5xN72IH7qhGAHRW66sqFvOzcUDX02sMV3brcXzB1Vib4wkx6kQ==",
      "dependencies": {
        "@babylonjs/core": "5.0.0-alpha.50",
        "tslib": "^2.3.1"
      },
      "engines": {
        "node": "*"
      }
    },
    "node_modules/bit-twiddle": {
      "version": "0.0.2",
      "resolved": "https://registry.npmjs.org/bit-twiddle/-/bit-twiddle-0.0.2.tgz",
      "integrity": "sha1-wurruVKjuUrMFASX4c3NLxoz9Y4="
    },
    "node_modules/tslib": {
      "version": "2.3.1",
      "resolved": "https://registry.npmjs.org/tslib/-/tslib-2.3.1.tgz",
      "integrity": "sha512-77EbyPPpMz+FRFRuAFlWMtmgUWGe9UOG2Z25NqCwiIjRhOf5iKGuzSe5P2w1laq+FkRy4p+PCuVkJSGkzTEKVw=="
    },
    "node_modules/voxel-crunch": {
      "version": "0.2.1",
      "resolved": "https://registry.npmjs.org/voxel-crunch/-/voxel-crunch-0.2.1.tgz",
      "integrity": "sha1-0QnEi+N+BMJcu9Fp9vDjO0BiHF4=",
      "dependencies": {
        "bit-twiddle": "0.0.2"
      }
    }
  },
  "dependencies": {
    "@babylonjs/core": {
      "version": "5.0.0-alpha.50",
      "resolved": "https://registry.npmjs.org/@babylonjs/core/-/core-5.0.0-alpha.50.tgz",
      "integrity": "sha512-Fhz0ODXVMYT/imklkDi6MfDBM0i7B3oNAfGN+4Zx6OIh3/ZrqpQde0xxekBUymJRmY4nZ5jOdCh1Y5Tjmp8k+w==",
      "requires": {
        "tslib": "^2.3.1"
      }
    },
    "@babylonjs/materials": {
      "version": "5.0.0-alpha.50",
      "resolved": "https://registry.npmjs.org/@babylonjs/materials/-/materials-5.0.0-alpha.50.tgz",
      "integrity": "sha512-ktQq7fENtGVFQbO2B3cDnUf6jvMReJtKmzXZ5xN72IH7qhGAHRW66sqFvOzcUDX02sMV3brcXzB1Vib4wkx6kQ==",
      "requires": {
        "@babylonjs/core": "5.0.0-alpha.50",
        "tslib": "^2.3.1"
      }
    },
    "bit-twiddle": {
      "version": "0.0.2",
      "resolved": "https://registry.npmjs.org/bit-twiddle/-/bit-twiddle-0.0.2.tgz",
      "integrity": "sha1-wurruVKjuUrMFASX4c3NLxoz9Y4="
    },
    "tslib": {
      "version": "2.3.1",
      "resolved": "https://registry.npmjs.org/tslib/-/tslib-2.3.1.tgz",
      "integrity": "sha512-77EbyPPpMz+FRFRuAFlWMtmgUWGe9UOG2Z25NqCwiIjRhOf5iKGuzSe5P2w1laq+FkRy4p+PCuVkJSGkzTEKVw=="
    },
    "voxel-crunch": {
      "version": "0.2.1",
      "resolved": "https://registry.npmjs.org/voxel-crunch/-/voxel-crunch-0.2.1.tgz",
      "integrity": "sha1-0QnEi+N+BMJcu9Fp9vDjO0BiHF4=",
      "requires": {
        "bit-twiddle": "0.0.2"
      }
    }
  }
}
